{
  "name": "polywasm",
  "version": "0.1.3",
  "lockfileVersion": 2,
  "requires": true,
  "packages": {
    "": {
      "name": "polywasm",
      "version": "0.1.3",
      "license": "MIT",
      "devDependencies": {
        "esbuild": "0.18.7",
        "typescript": "5.1.3"
      }
    },
    "node_modules/@esbuild/android-arm": {
      "version": "0.18.7",
      "resolved": "https://registry.npmjs.org/@esbuild/android-arm/-/android-arm-0.18.7.tgz",
      "integrity": "sha512-nDQ7AC5WVKOqxaip/E5YbaRgnilBMsoGKjoGLCeCOYNePaBCBDwJsLfa2fn3FEtktiLaAF990W592avsHjJ/Vg==",
      "cpu": [
        "arm"
      ],
      "dev": true,
      "optional": true,
      "os": [
        "android"
      ],
      "engines": {
        "node": ">=12"
      }
    },
    "node_modules/@esbuild/android-arm64": {
      "version": "0.18.7",
      "resolved": "https://registry.npmjs.org/@esbuild/android-arm64/-/android-arm64-0.18.7.tgz",
      "integrity": "sha512-o0VVztxJPkfDYbaU1tA1G1iwKiBh6Zt3bX5OdHDoITMFdRg+Mgdt3nHXMEtNlIjYA/Xn6hmlOYDHjJfQUduPuw==",
      "cpu": [
        "arm64"
      ],
      "dev": true,
      "optional": true,
      "os": [
        "android"
      ],
      "engines": {
        "node": ">=12"
      }
    },
    "node_modules/@esbuild/android-x64": {
      "version": "0.18.7",
      "resolved": "https://registry.npmjs.org/@esbuild/android-x64/-/android-x64-0.18.7.tgz",
      "integrity": "sha512-ga8Dtpb01GorCi1dk3jEwDk3AK/3F+cR5P+//Tl0ERL2K2pK/J1f3t8hcJ+RRt3UYBV/uTL9GEnx7touX0KRPQ==",
      "cpu": [
        "x64"
      ],
      "dev": true,
      "optional": true,
      "os": [
        "android"
      ],
      "engines": {
        "node": ">=12"
      }
    },
    "node_modules/@esbuild/darwin-arm64": {
      "version": "0.18.7",
      "resolved": "https://registry.npmjs.org/@esbuild/darwin-arm64/-/darwin-arm64-0.18.7.tgz",
      "integrity": "sha512-FVDOdfgyGOOISpd0b+UtA6YNbu5+RzZu7kDztjVsA/iZhGnyxbCR/vZ+B2j5yxbMZ9j3iz5uFiHIq1sl6nrZ0Q==",
      "cpu": [
        "arm64"
      ],
      "dev": true,
      "optional": true,
      "os": [
        "darwin"
      ],
      "engines": {
        "node": ">=12"
      }
    },
    "node_modules/@esbuild/darwin-x64": {
      "version": "0.18.7",
      "resolved": "https://registry.npmjs.org/@esbuild/darwin-x64/-/darwin-x64-0.18.7.tgz",
      "integrity": "sha512-w7aeD1UjDFXqyrZQLBIPYGmLR+gJsl+7QSwmSz+nVrCZOB7cyWEkIjCF8s4inUD3ja3WtKUIqzX5S4qDnU5q7Q==",
      "cpu": [
        "x64"
      ],
      "dev": true,
      "optional": true,
      "os": [
        "darwin"
      ],
      "engines": {
        "node": ">=12"
      }
    },
    "node_modules/@esbuild/freebsd-arm64": {
      "version": "0.18.7",
      "resolved": "https://registry.npmjs.org/@esbuild/freebsd-arm64/-/freebsd-arm64-0.18.7.tgz",
      "integrity": "sha512-wKyySDdoKVOPn9eDci/b3eP3EJVAVXC3b2CiaHphhCKfh4n5pWLwj7Ue96anK1HnpcZ0Uti8Sw9xq3Im0earHA==",
      "cpu": [
        "arm64"
      ],
      "dev": true,
      "optional": true,
      "os": [
        "freebsd"
      ],
      "engines": {
        "node": ">=12"
      }
    },
    "node_modules/@esbuild/freebsd-x64": {
      "version": "0.18.7",
      "resolved": "https://registry.npmjs.org/@esbuild/freebsd-x64/-/freebsd-x64-0.18.7.tgz",
      "integrity": "sha512-rbfjbgSvzWRjQMKIntogK1d2oIAiA/ZVayXfK1WjcIIMQYLg74sAoT8CZBj30+bwn13YR0t6lgIxA1mJaS2Lhw==",
      "cpu": [
        "x64"
      ],
      "dev": true,
      "optional": true,
      "os": [
        "freebsd"
      ],
      "engines": {
        "node": ">=12"
      }
    },
    "node_modules/@esbuild/linux-arm": {
      "version": "0.18.7",
      "resolved": "https://registry.npmjs.org/@esbuild/linux-arm/-/linux-arm-0.18.7.tgz",
      "integrity": "sha512-GpUBqqJnQ+7qdb7NqKNVj7TgD2JnLrEdzPtatPow77Me/EQ01GE1tHKZLePqhf5thdLDb5Se2Kcf4D9WTbSjmw==",
      "cpu": [
        "arm"
      ],
      "dev": true,
      "optional": true,
      "os": [
        "linux"
      ],
      "engines": {
        "node": ">=12"
      }
    },
    "node_modules/@esbuild/linux-arm64": {
      "version": "0.18.7",
      "resolved": "https://registry.npmjs.org/@esbuild/linux-arm64/-/linux-arm64-0.18.7.tgz",
      "integrity": "sha512-cwfxKYroaD5BZ42NsfxdVU1issD2NxcuJHlCNsN5LtWq+kZMpwmIVDCJxKlgLIG7zH/4yq8lTuZJurxq058GsA==",
      "cpu": [
        "arm64"
      ],
      "dev": true,
      "optional": true,
      "os": [
        "linux"
      ],
      "engines": {
        "node": ">=12"
      }
    },
    "node_modules/@esbuild/linux-ia32": {
      "version": "0.18.7",
      "resolved": "https://registry.npmjs.org/@esbuild/linux-ia32/-/linux-ia32-0.18.7.tgz",
      "integrity": "sha512-SsvsGStwbArBcB/XNh+2MvUtgOLp0CR6Hn1PBWcdApCuAaMibHCDyzHS06+u/YOD1UpeXFHJZphix61HeVMH/w==",
      "cpu": [
        "ia32"
      ],
      "dev": true,
      "optional": true,
      "os": [
        "linux"
      ],
      "engines": {
        "node": ">=12"
      }
    },
    "node_modules/@esbuild/linux-loong64": {
      "version": "0.18.7",
      "resolved": "https://registry.npmjs.org/@esbuild/linux-loong64/-/linux-loong64-0.18.7.tgz",
      "integrity": "sha512-WOqQ0eaWGE/e9vmbxFT2exbWuXxHuG8ld0fN7oX5f0v7W6oveUIF4DLJYVae93t1+Icv5R0NBo8wv/o4hEvxBQ==",
      "cpu": [
        "loong64"
      ],
      "dev": true,
      "optional": true,
      "os": [
        "linux"
      ],
      "engines": {
        "node": ">=12"
      }
    },
    "node_modules/@esbuild/linux-mips64el": {
      "version": "0.18.7",
      "resolved": "https://registry.npmjs.org/@esbuild/linux-mips64el/-/linux-mips64el-0.18.7.tgz",
      "integrity": "sha512-/dKQ3OLr2Tmj0kuf4ZJioD+qnADUEJSBaiuDbk8v5602HnNNBSGHPrEB6S8PSb8y8jWsX9MMnxqk5KpLTf86OQ==",
      "cpu": [
        "mips64el"
      ],
      "dev": true,
      "optional": true,
      "os": [
        "linux"
      ],
      "engines": {
        "node": ">=12"
      }
    },
    "node_modules/@esbuild/linux-ppc64": {
      "version": "0.18.7",
      "resolved": "https://registry.npmjs.org/@esbuild/linux-ppc64/-/linux-ppc64-0.18.7.tgz",
      "integrity": "sha512-x/k1+daIqiGJt0Yhr5llFJ/zkRg1XAqcS2ntAYzS3pHogO8oIyc+LjsINgVyFCeFMFUZ9Ae9W5z2Ib05bMum3g==",
      "cpu": [
        "ppc64"
      ],
      "dev": true,
      "optional": true,
      "os": [
        "linux"
      ],
      "engines": {
        "node": ">=12"
      }
    },
    "node_modules/@esbuild/linux-riscv64": {
      "version": "0.18.7",
      "resolved": "https://registry.npmjs.org/@esbuild/linux-riscv64/-/linux-riscv64-0.18.7.tgz",
      "integrity": "sha512-LegTDzK9gL/sTkiZUGYLigTISwppZJvQL3MRmFgXgHrj3IzdWkPgMwEtOItK3YiFzhBSSNyKA0mSKEg4UuK8JQ==",
      "cpu": [
        "riscv64"
      ],
      "dev": true,
      "optional": true,
      "os": [
        "linux"
      ],
      "engines": {
        "node": ">=12"
      }
    },
    "node_modules/@esbuild/linux-s390x": {
      "version": "0.18.7",
      "resolved": "https://registry.npmjs.org/@esbuild/linux-s390x/-/linux-s390x-0.18.7.tgz",
      "integrity": "sha512-fjBl45O8ivc3Nl14hdGpbHoVtdHnYGsLpwnlv2rNyb5NOsgY3Y8EhVe/fqR9ndHgO4eL68knKxkrRveEJq+v1g==",
      "cpu": [
        "s390x"
      ],
      "dev": true,
      "optional": true,
      "os": [
        "linux"
      ],
      "engines": {
        "node": ">=12"
      }
    },
    "node_modules/@esbuild/linux-x64": {
      "version": "0.18.7",
      "resolved": "https://registry.npmjs.org/@esbuild/linux-x64/-/linux-x64-0.18.7.tgz",
      "integrity": "sha512-apYLJsg3wd3hW8nEt7H++8c8rTDvwXxX7h7YeI89g1RDPCT2QSXTO/xT1BCvFa/BFFoau+yvepQg2o5556FIWQ==",
      "cpu": [
        "x64"
      ],
      "dev": true,
      "optional": true,
      "os": [
        "linux"
      ],
      "engines": {
        "node": ">=12"
      }
    },
    "node_modules/@esbuild/netbsd-x64": {
      "version": "0.18.7",
      "resolved": "https://registry.npmjs.org/@esbuild/netbsd-x64/-/netbsd-x64-0.18.7.tgz",
      "integrity": "sha512-f82sUnrzdoW4MiiCDn1G3RSsPH8+no+okDhkHgGTGa+5F5wZCyxdXxzR6ctsiimvyPn9FIu9Zs+MesVsBRwyTw==",
      "cpu": [
        "x64"
      ],
      "dev": true,
      "optional": true,
      "os": [
        "netbsd"
      ],
      "engines": {
        "node": ">=12"
      }
    },
    "node_modules/@esbuild/openbsd-x64": {
      "version": "0.18.7",
      "resolved": "https://registry.npmjs.org/@esbuild/openbsd-x64/-/openbsd-x64-0.18.7.tgz",
      "integrity": "sha512-1TNDfpFYhIloHeqSRbJFjHFMYtTJWgqI2+S9uCLVCWrADLl5tCe8vQKDfkM7Afz/lZyqi6qEX/Eg2KA5S7FcNQ==",
      "cpu": [
        "x64"
      ],
      "dev": true,
      "optional": true,
      "os": [
        "openbsd"
      ],
      "engines": {
        "node": ">=12"
      }
    },
    "node_modules/@esbuild/sunos-x64": {
      "version": "0.18.7",
      "resolved": "https://registry.npmjs.org/@esbuild/sunos-x64/-/sunos-x64-0.18.7.tgz",
      "integrity": "sha512-lBhsHaM6EYCmzQCj+xeFev+dgqTgpSRqF7qXrxp5V4waFuidTBbWgqSXY5rsLRNLOyMMCh1cA+RqF8UL30oOJQ==",
      "cpu": [
        "x64"
      ],
      "dev": true,
      "optional": true,
      "os": [
        "sunos"
      ],
      "engines": {
        "node": ">=12"
      }
    },
    "node_modules/@esbuild/win32-arm64": {
      "version": "0.18.7",
      "resolved": "https://registry.npmjs.org/@esbuild/win32-arm64/-/win32-arm64-0.18.7.tgz",
      "integrity": "sha512-p9ipv7rPKitXAAeufg5BzmyYZHZtFfrLGUX15+AxpTQqSZDAZd2wIusaOW5oONTf8RB53ujIqQw7W0QnZMuiUw==",
      "cpu": [
        "arm64"
      ],
      "dev": true,
      "optional": true,
      "os": [
        "win32"
      ],
      "engines": {
        "node": ">=12"
      }
    },
    "node_modules/@esbuild/win32-ia32": {
      "version": "0.18.7",
      "resolved": "https://registry.npmjs.org/@esbuild/win32-ia32/-/win32-ia32-0.18.7.tgz",
      "integrity": "sha512-WmNxuE+j1wUT2rK+e1Oakx3zobS1rPpQudPytGM4nxXEGv0gpXEvnZnrykRwriNFbGVCwFJoE4txayjW76LsCw==",
      "cpu": [
        "ia32"
      ],
      "dev": true,
      "optional": true,
      "os": [
        "win32"
      ],
      "engines": {
        "node": ">=12"
      }
    },
    "node_modules/@esbuild/win32-x64": {
      "version": "0.18.7",
      "resolved": "https://registry.npmjs.org/@esbuild/win32-x64/-/win32-x64-0.18.7.tgz",
      "integrity": "sha512-6RENfAwwL6dxQk/V1PxO/ejYRiOUVUaHi99hP3Dso/38jfNKFzU6YSSR/haJGNV/2wAHIgBMROQodna0IejAuA==",
      "cpu": [
        "x64"
      ],
      "dev": true,
      "optional": true,
      "os": [
        "win32"
      ],
      "engines": {
        "node": ">=12"
      }
    },
    "node_modules/esbuild": {
      "version": "0.18.7",
      "resolved": "https://registry.npmjs.org/esbuild/-/esbuild-0.18.7.tgz",
      "integrity": "sha512-46V0EFvQ/urmruUCChD1e0SZJWM0Ulny5F+uf5QkBry97HfvgvZTnjpTrwmw0+CGRhqTh9zpFeB+W8WGIEXOAQ==",
      "dev": true,
      "hasInstallScript": true,
      "bin": {
        "esbuild": "bin/esbuild"
      },
      "engines": {
        "node": ">=12"
      },
      "optionalDependencies": {
        "@esbuild/android-arm": "0.18.7",
        "@esbuild/android-arm64": "0.18.7",
        "@esbuild/android-x64": "0.18.7",
        "@esbuild/darwin-arm64": "0.18.7",
        "@esbuild/darwin-x64": "0.18.7",
        "@esbuild/freebsd-arm64": "0.18.7",
        "@esbuild/freebsd-x64": "0.18.7",
        "@esbuild/linux-arm": "0.18.7",
        "@esbuild/linux-arm64": "0.18.7",
        "@esbuild/linux-ia32": "0.18.7",
        "@esbuild/linux-loong64": "0.18.7",
        "@esbuild/linux-mips64el": "0.18.7",
        "@esbuild/linux-ppc64": "0.18.7",
        "@esbuild/linux-riscv64": "0.18.7",
        "@esbuild/linux-s390x": "0.18.7",
        "@esbuild/linux-x64": "0.18.7",
        "@esbuild/netbsd-x64": "0.18.7",
        "@esbuild/openbsd-x64": "0.18.7",
        "@esbuild/sunos-x64": "0.18.7",
        "@esbuild/win32-arm64": "0.18.7",
        "@esbuild/win32-ia32": "0.18.7",
        "@esbuild/win32-x64": "0.18.7"
      }
    },
    "node_modules/typescript": {
      "version": "5.1.3",
      "resolved": "https://registry.npmjs.org/typescript/-/typescript-5.1.3.tgz",
      "integrity": "sha512-XH627E9vkeqhlZFQuL+UsyAXEnibT0kWR2FWONlr4sTjvxyJYnyefgrkyECLzM5NenmKzRAy2rR/OlYLA1HkZw==",
      "dev": true,
      "bin": {
        "tsc": "bin/tsc",
        "tsserver": "bin/tsserver"
      },
      "engines": {
        "node": ">=14.17"
      }
    }
  },
  "dependencies": {
    "@esbuild/android-arm": {
      "version": "0.18.7",
      "resolved": "https://registry.npmjs.org/@esbuild/android-arm/-/android-arm-0.18.7.tgz",
      "integrity": "sha512-nDQ7AC5WVKOqxaip/E5YbaRgnilBMsoGKjoGLCeCOYNePaBCBDwJsLfa2fn3FEtktiLaAF990W592avsHjJ/Vg==",
      "dev": true,
      "optional": true
    },
    "@esbuild/android-arm64": {
      "version": "0.18.7",
      "resolved": "https://registry.npmjs.org/@esbuild/android-arm64/-/android-arm64-0.18.7.tgz",
      "integrity": "sha512-o0VVztxJPkfDYbaU1tA1G1iwKiBh6Zt3bX5OdHDoITMFdRg+Mgdt3nHXMEtNlIjYA/Xn6hmlOYDHjJfQUduPuw==",
      "dev": true,
      "optional": true
    },
    "@esbuild/android-x64": {
      "version": "0.18.7",
      "resolved": "https://registry.npmjs.org/@esbuild/android-x64/-/android-x64-0.18.7.tgz",
      "integrity": "sha512-ga8Dtpb01GorCi1dk3jEwDk3AK/3F+cR5P+//Tl0ERL2K2pK/J1f3t8hcJ+RRt3UYBV/uTL9GEnx7touX0KRPQ==",
      "dev": true,
      "optional": true
    },
    "@esbuild/darwin-arm64": {
      "version": "0.18.7",
      "resolved": "https://registry.npmjs.org/@esbuild/darwin-arm64/-/darwin-arm64-0.18.7.tgz",
      "integrity": "sha512-FVDOdfgyGOOISpd0b+UtA6YNbu5+RzZu7kDztjVsA/iZhGnyxbCR/vZ+B2j5yxbMZ9j3iz5uFiHIq1sl6nrZ0Q==",
      "dev": true,
      "optional": true
    },
    "@esbuild/darwin-x64": {
      "version": "0.18.7",
      "resolved": "https://registry.npmjs.org/@esbuild/darwin-x64/-/darwin-x64-0.18.7.tgz",
      "integrity": "sha512-w7aeD1UjDFXqyrZQLBIPYGmLR+gJsl+7QSwmSz+nVrCZOB7cyWEkIjCF8s4inUD3ja3WtKUIqzX5S4qDnU5q7Q==",
      "dev": true,
      "optional": true
    },
    "@esbuild/freebsd-arm64": {
      "version": "0.18.7",
      "resolved": "https://registry.npmjs.org/@esbuild/freebsd-arm64/-/freebsd-arm64-0.18.7.tgz",
      "integrity": "sha512-wKyySDdoKVOPn9eDci/b3eP3EJVAVXC3b2CiaHphhCKfh4n5pWLwj7Ue96anK1HnpcZ0Uti8Sw9xq3Im0earHA==",
      "dev": true,
      "optional": true
    },
    "@esbuild/freebsd-x64": {
      "version": "0.18.7",
      "resolved": "https://registry.npmjs.org/@esbuild/freebsd-x64/-/freebsd-x64-0.18.7.tgz",
      "integrity": "sha512-rbfjbgSvzWRjQMKIntogK1d2oIAiA/ZVayXfK1WjcIIMQYLg74sAoT8CZBj30+bwn13YR0t6lgIxA1mJaS2Lhw==",
      "dev": true,
      "optional": true
    },
    "@esbuild/linux-arm": {
      "version": "0.18.7",
      "resolved": "https://registry.npmjs.org/@esbuild/linux-arm/-/linux-arm-0.18.7.tgz",
      "integrity": "sha512-GpUBqqJnQ+7qdb7NqKNVj7TgD2JnLrEdzPtatPow77Me/EQ01GE1tHKZLePqhf5thdLDb5Se2Kcf4D9WTbSjmw==",
      "dev": true,
      "optional": true
    },
    "@esbuild/linux-arm64": {
      "version": "0.18.7",
      "resolved": "https://registry.npmjs.org/@esbuild/linux-arm64/-/linux-arm64-0.18.7.tgz",
      "integrity": "sha512-cwfxKYroaD5BZ42NsfxdVU1issD2NxcuJHlCNsN5LtWq+kZMpwmIVDCJxKlgLIG7zH/4yq8lTuZJurxq058GsA==",
      "dev": true,
      "optional": true
    },
    "@esbuild/linux-ia32": {
      "version": "0.18.7",
      "resolved": "https://registry.npmjs.org/@esbuild/linux-ia32/-/linux-ia32-0.18.7.tgz",
      "integrity": "sha512-SsvsGStwbArBcB/XNh+2MvUtgOLp0CR6Hn1PBWcdApCuAaMibHCDyzHS06+u/YOD1UpeXFHJZphix61HeVMH/w==",
      "dev": true,
      "optional": true
    },
    "@esbuild/linux-loong64": {
      "version": "0.18.7",
      "resolved": "https://registry.npmjs.org/@esbuild/linux-loong64/-/linux-loong64-0.18.7.tgz",
      "integrity": "sha512-WOqQ0eaWGE/e9vmbxFT2exbWuXxHuG8ld0fN7oX5f0v7W6oveUIF4DLJYVae93t1+Icv5R0NBo8wv/o4hEvxBQ==",
      "dev": true,
      "optional": true
    },
    "@esbuild/linux-mips64el": {
      "version": "0.18.7",
      "resolved": "https://registry.npmjs.org/@esbuild/linux-mips64el/-/linux-mips64el-0.18.7.tgz",
      "integrity": "sha512-/dKQ3OLr2Tmj0kuf4ZJioD+qnADUEJSBaiuDbk8v5602HnNNBSGHPrEB6S8PSb8y8jWsX9MMnxqk5KpLTf86OQ==",
      "dev": true,
      "optional": true
    },
    "@esbuild/linux-ppc64": {
      "version": "0.18.7",
      "resolved": "https://registry.npmjs.org/@esbuild/linux-ppc64/-/linux-ppc64-0.18.7.tgz",
      "integrity": "sha512-x/k1+daIqiGJt0Yhr5llFJ/zkRg1XAqcS2ntAYzS3pHogO8oIyc+LjsINgVyFCeFMFUZ9Ae9W5z2Ib05bMum3g==",
      "dev": true,
      "optional": true
    },
    "@esbuild/linux-riscv64": {
      "version": "0.18.7",
      "resolved": "https://registry.npmjs.org/@esbuild/linux-riscv64/-/linux-riscv64-0.18.7.tgz",
      "integrity": "sha512-LegTDzK9gL/sTkiZUGYLigTISwppZJvQL3MRmFgXgHrj3IzdWkPgMwEtOItK3YiFzhBSSNyKA0mSKEg4UuK8JQ==",
      "dev": true,
      "optional": true
    },
    "@esbuild/linux-s390x": {
      "version": "0.18.7",
      "resolved": "https://registry.npmjs.org/@esbuild/linux-s390x/-/linux-s390x-0.18.7.tgz",
      "integrity": "sha512-fjBl45O8ivc3Nl14hdGpbHoVtdHnYGsLpwnlv2rNyb5NOsgY3Y8EhVe/fqR9ndHgO4eL68knKxkrRveEJq+v1g==",
      "dev": true,
      "optional": true
    },
    "@esbuild/linux-x64": {
      "version": "0.18.7",
      "resolved": "https://registry.npmjs.org/@esbuild/linux-x64/-/linux-x64-0.18.7.tgz",
      "integrity": "sha512-apYLJsg3wd3hW8nEt7H++8c8rTDvwXxX7h7YeI89g1RDPCT2QSXTO/xT1BCvFa/BFFoau+yvepQg2o5556FIWQ==",
      "dev": true,
      "optional": true
    },
    "@esbuild/netbsd-x64": {
      "version": "0.18.7",
      "resolved": "https://registry.npmjs.org/@esbuild/netbsd-x64/-/netbsd-x64-0.18.7.tgz",
      "integrity": "sha512-f82sUnrzdoW4MiiCDn1G3RSsPH8+no+okDhkHgGTGa+5F5wZCyxdXxzR6ctsiimvyPn9FIu9Zs+MesVsBRwyTw==",
      "dev": true,
      "optional": true
    },
    "@esbuild/openbsd-x64": {
      "version": "0.18.7",
      "resolved": "https://registry.npmjs.org/@esbuild/openbsd-x64/-/openbsd-x64-0.18.7.tgz",
      "integrity": "sha512-1TNDfpFYhIloHeqSRbJFjHFMYtTJWgqI2+S9uCLVCWrADLl5tCe8vQKDfkM7Afz/lZyqi6qEX/Eg2KA5S7FcNQ==",
      "dev": true,
      "optional": true
    },
    "@esbuild/sunos-x64": {
      "version": "0.18.7",
      "resolved": "https://registry.npmjs.org/@esbuild/sunos-x64/-/sunos-x64-0.18.7.tgz",
      "integrity": "sha512-lBhsHaM6EYCmzQCj+xeFev+dgqTgpSRqF7qXrxp5V4waFuidTBbWgqSXY5rsLRNLOyMMCh1cA+RqF8UL30oOJQ==",
      "dev": true,
      "optional": true
    },
    "@esbuild/win32-arm64": {
      "version": "0.18.7",
      "resolved": "https://registry.npmjs.org/@esbuild/win32-arm64/-/win32-arm64-0.18.7.tgz",
      "integrity": "sha512-p9ipv7rPKitXAAeufg5BzmyYZHZtFfrLGUX15+AxpTQqSZDAZd2wIusaOW5oONTf8RB53ujIqQw7W0QnZMuiUw==",
      "dev": true,
      "optional": true
    },
    "@esbuild/win32-ia32": {
      "version": "0.18.7",
      "resolved": "https://registry.npmjs.org/@esbuild/win32-ia32/-/win32-ia32-0.18.7.tgz",
      "integrity": "sha512-WmNxuE+j1wUT2rK+e1Oakx3zobS1rPpQudPytGM4nxXEGv0gpXEvnZnrykRwriNFbGVCwFJoE4txayjW76LsCw==",
      "dev": true,
      "optional": true
    },
    "@esbuild/win32-x64": {
      "version": "0.18.7",
      "resolved": "https://registry.npmjs.org/@esbuild/win32-x64/-/win32-x64-0.18.7.tgz",
      "integrity": "sha512-6RENfAwwL6dxQk/V1PxO/ejYRiOUVUaHi99hP3Dso/38jfNKFzU6YSSR/haJGNV/2wAHIgBMROQodna0IejAuA==",
      "dev": true,
      "optional": true
    },
    "esbuild": {
      "version": "0.18.7",
      "resolved": "https://registry.npmjs.org/esbuild/-/esbuild-0.18.7.tgz",
      "integrity": "sha512-46V0EFvQ/urmruUCChD1e0SZJWM0Ulny5F+uf5QkBry97HfvgvZTnjpTrwmw0+CGRhqTh9zpFeB+W8WGIEXOAQ==",
      "dev": true,
      "requires": {
        "@esbuild/android-arm": "0.18.7",
        "@esbuild/android-arm64": "0.18.7",
        "@esbuild/android-x64": "0.18.7",
        "@esbuild/darwin-arm64": "0.18.7",
        "@esbuild/darwin-x64": "0.18.7",
        "@esbuild/freebsd-arm64": "0.18.7",
        "@esbuild/freebsd-x64": "0.18.7",
        "@esbuild/linux-arm": "0.18.7",
        "@esbuild/linux-arm64": "0.18.7",
        "@esbuild/linux-ia32": "0.18.7",
        "@esbuild/linux-loong64": "0.18.7",
        "@esbuild/linux-mips64el": "0.18.7",
        "@esbuild/linux-ppc64": "0.18.7",
        "@esbuild/linux-riscv64": "0.18.7",
        "@esbuild/linux-s390x": "0.18.7",
        "@esbuild/linux-x64": "0.18.7",
        "@esbuild/netbsd-x64": "0.18.7",
        "@esbuild/openbsd-x64": "0.18.7",
        "@esbuild/sunos-x64": "0.18.7",
        "@esbuild/win32-arm64": "0.18.7",
        "@esbuild/win32-ia32": "0.18.7",
        "@esbuild/win32-x64": "0.18.7"
      }
    },
    "typescript": {
      "version": "5.1.3",
      "resolved": "https://registry.npmjs.org/typescript/-/typescript-5.1.3.tgz",
      "integrity": "sha512-XH627E9vkeqhlZFQuL+UsyAXEnibT0kWR2FWONlr4sTjvxyJYnyefgrkyECLzM5NenmKzRAy2rR/OlYLA1HkZw==",
      "dev": true
    }
  }
}
